// !$*UTF8*$!
{
	archiveVersion = 1;
	classes = {
	};
	objectVersion = 46;
	objects = {

/* Begin PBXGroup section */
		0C2CF3041E3E7F5700E10765 = {
			isa = PBXGroup;
			children = (
			);
			sourceTree = "<group>";
		};
/* End PBXGroup section */

/* Begin PBXProject section */
		0C2CF3051E3E7F5700E10765 /* Project object */ = {
			isa = PBXProject;
			attributes = {
				LastUpgradeCheck = 0820;
			};
			buildConfigurationList = 0C2CF3081E3E7F5700E10765 /* Build configuration list for PBXProject "Swiftify" */;
			compatibilityVersion = "Xcode 3.2";
			developmentRegion = English;
			hasScannedForEncodings = 0;
			knownRegions = (
				en,
			);
			mainGroup = 0C2CF3041E3E7F5700E10765;
			projectDirPath = "";
			projectRoot = "";
			targets = (
			);
		};
/* End PBXProject section */

/* Begin XCBuildConfiguration section */
		0C2CF3091E3E7F5700E10765 /* Debug */ = {
			isa = XCBuildConfiguration;
			buildSettings = {
			};
			name = Debug;
		};
		0C2CF30A1E3E7F5700E10765 /* Release */ = {
			isa = XCBuildConfiguration;
			buildSettings = {
			};
			name = Release;
		};
/* End XCBuildConfiguration section */

/* Begin XCConfigurationList section */
		0C2CF3081E3E7F5700E10765 /* Build configuration list for PBXProject "Swiftify" */ = {
			isa = XCConfigurationList;
			buildConfigurations = (
				0C2CF3091E3E7F5700E10765 /* Debug */,
				0C2CF30A1E3E7F5700E10765 /* Release */,
			);
			defaultConfigurationIsVisible = 0;
			defaultConfigurationName = Release;
		};
/* End XCConfigurationList section */
	};
	rootObject = 0C2CF3051E3E7F5700E10765 /* Project object */;
}
